Microsoft Visual Studio Solution File, Format Version 12.00
# Visual Studio 15
VisualStudioVersion = 15.0.26124.0
MinimumVisualStudioVersion = 15.0.26124.0
Project("{2150E333-8FDC-42A3-9474-1A3956D46DE8}") = "src", "src", "{ED391A0C-8FE5-4757-97E3-65388ADA982F}"
EndProject
Project("{2150E333-8FDC-42A3-9474-1A3956D46DE8}") = "core", "core", "{3FA0A581-6E31-48BC-BE13-3ADFF9F337CD}"
EndProject
Project("{6EC3EE1D-3C4E-46DD-8F32-0CC8E7565705}") = "YoloDev.GitVersion.Core.Abstractions", "src\core\YoloDev.GitVersion.Core.Abstractions\YoloDev.GitVersion.Core.Abstractions.fsproj", "{5C9829B8-F6E8-430D-A528-EE74129F1755}"
EndProject
Project("{6EC3EE1D-3C4E-46DD-8F32-0CC8E7565705}") = "YoloDev.GitVersion.Core.DotNet", "src\core\YoloDev.GitVersion.Core.DotNet\YoloDev.GitVersion.Core.DotNet.fsproj", "{0A3567AC-59B4-4B69-BAA1-3D179300213B}"
EndProject
Project("{6EC3EE1D-3C4E-46DD-8F32-0CC8E7565705}") = "YoloDev.GitVersion.Core", "src\core\YoloDev.GitVersion.Core\YoloDev.GitVersion.Core.fsproj", "{ED72211D-7457-4F34-B02B-C7A45A94F461}"
EndProject
Project("{2150E333-8FDC-42A3-9474-1A3956D46DE8}") = "tools", "tools", "{D95307EA-5AF6-45B5-9F03-EFAED5213201}"
EndProject
Project("{6EC3EE1D-3C4E-46DD-8F32-0CC8E7565705}") = "YoloDev.GitVersion.Cli", "src\tools\YoloDev.GitVersion.Cli\YoloDev.GitVersion.Cli.fsproj", "{6A057140-EDD2-47DF-BC18-1F552DAE1EDD}"
EndProject
Project("{2150E333-8FDC-42A3-9474-1A3956D46DE8}") = "test", "test", "{3CDEBD6D-0B9A-4F5F-AA26-B3F75D6D8C33}"
EndProject
Project("{2150E333-8FDC-42A3-9474-1A3956D46DE8}") = "common", "common", "{EEED6CE8-98BB-4CCB-AF1B-2C41A323A0E4}"
EndProject
Project("{6EC3EE1D-3C4E-46DD-8F32-0CC8E7565705}") = "YoloDev.GitVersion.Common.TestCase", "test\common\YoloDev.GitVersion.Common.TestCase\YoloDev.GitVersion.Common.TestCase.fsproj", "{3BBC652B-C5D7-4E09-9B7E-2F2BCFCFDC4C}"
EndProject
Project("{2150E333-8FDC-42A3-9474-1A3956D46DE8}") = "dotnet", "dotnet", "{EC8A2B8F-BC04-4BEE-ACBC-08C2C80C5BE7}"
EndProject
Project("{6EC3EE1D-3C4E-46DD-8F32-0CC8E7565705}") = "YoloDev.GitVersion.Test", "test\dotnet\YoloDev.GitVersion.Test\YoloDev.GitVersion.Test.fsproj", "{1F9132BD-EAD1-4CA1-890D-7D59B0DBD9EA}"
EndProject
Project("{6EC3EE1D-3C4E-46DD-8F32-0CC8E7565705}") = "YoloDev.GitVersion.Core.Node", "src\core\YoloDev.GitVersion.Core.Node\YoloDev.GitVersion.Core.Node.fsproj", "{3C60F662-4EF1-45BA-A3AB-122A2B48AA69}"
EndProject
Project("{6EC3EE1D-3C4E-46DD-8F32-0CC8E7565705}") = "YoloDev.GitVersion.Node", "src\tools\YoloDev.GitVersion.Node\YoloDev.GitVersion.Node.fsproj", "{37F4DE56-94F8-489F-B206-C489973E5F4A}"
EndProject
Project("{2150E333-8FDC-42A3-9474-1A3956D46DE8}") = "node", "node", "{9AAD9F44-F86E-43C1-8EC7-7F943029CD60}"
EndProject
Project("{6EC3EE1D-3C4E-46DD-8F32-0CC8E7565705}") = "YoloDev.GitVersion.NodeTest", "test\node\YoloDev.GitVersion.NodeTest\YoloDev.GitVersion.NodeTest.fsproj", "{7CAA5A08-B9CC-4F0E-ADFA-531A5E26F0AF}"
EndProject
Project("{2150E333-8FDC-42A3-9474-1A3956D46DE8}") = "Solution Items", "Solution Items", "{27CD3431-5AD1-490D-AD23-1DF25DE80616}"
	ProjectSection(SolutionItems) = preProject
		.editorconfig = .editorconfig
		.gitignore = .gitignore
		paket.dependencies = paket.dependencies
	EndProjectSection
EndProject
Project("{2150E333-8FDC-42A3-9474-1A3956D46DE8}") = "cases", "cases", "{E190F7F7-DB42-427A-8CC4-87EF7C396594}"
EndProject
Project("{2150E333-8FDC-42A3-9474-1A3956D46DE8}") = "simple", "simple", "{324F03CF-5AAD-40CF-8E42-9810C4C2FE5E}"
	ProjectSection(SolutionItems) = preProject
		cases\simple\01.case = cases\simple\01.case
	EndProjectSection
EndProject
Global
	GlobalSection(SolutionConfigurationPlatforms) = preSolution
		Debug|Any CPU = Debug|Any CPU
		Debug|x64 = Debug|x64
		Debug|x86 = Debug|x86
		Release|Any CPU = Release|Any CPU
		Release|x64 = Release|x64
		Release|x86 = Release|x86
	EndGlobalSection
	GlobalSection(ProjectConfigurationPlatforms) = postSolution
		{5C9829B8-F6E8-430D-A528-EE74129F1755}.Debug|Any CPU.ActiveCfg = Debug|Any CPU
		{5C9829B8-F6E8-430D-A528-EE74129F1755}.Debug|Any CPU.Build.0 = Debug|Any CPU
		{5C9829B8-F6E8-430D-A528-EE74129F1755}.Debug|x64.ActiveCfg = Debug|Any CPU
		{5C9829B8-F6E8-430D-A528-EE74129F1755}.Debug|x64.Build.0 = Debug|Any CPU
		{5C9829B8-F6E8-430D-A528-EE74129F1755}.Debug|x86.ActiveCfg = Debug|Any CPU
		{5C9829B8-F6E8-430D-A528-EE74129F1755}.Debug|x86.Build.0 = Debug|Any CPU
		{5C9829B8-F6E8-430D-A528-EE74129F1755}.Release|Any CPU.ActiveCfg = Release|Any CPU
		{5C9829B8-F6E8-430D-A528-EE74129F1755}.Release|Any CPU.Build.0 = Release|Any CPU
		{5C9829B8-F6E8-430D-A528-EE74129F1755}.Release|x64.ActiveCfg = Release|Any CPU
		{5C9829B8-F6E8-430D-A528-EE74129F1755}.Release|x64.Build.0 = Release|Any CPU
		{5C9829B8-F6E8-430D-A528-EE74129F1755}.Release|x86.ActiveCfg = Release|Any CPU
		{5C9829B8-F6E8-430D-A528-EE74129F1755}.Release|x86.Build.0 = Release|Any CPU
		{0A3567AC-59B4-4B69-BAA1-3D179300213B}.Debug|Any CPU.ActiveCfg = Debug|Any CPU
		{0A3567AC-59B4-4B69-BAA1-3D179300213B}.Debug|Any CPU.Build.0 = Debug|Any CPU
		{0A3567AC-59B4-4B69-BAA1-3D179300213B}.Debug|x64.ActiveCfg = Debug|Any CPU
		{0A3567AC-59B4-4B69-BAA1-3D179300213B}.Debug|x64.Build.0 = Debug|Any CPU
		{0A3567AC-59B4-4B69-BAA1-3D179300213B}.Debug|x86.ActiveCfg = Debug|Any CPU
		{0A3567AC-59B4-4B69-BAA1-3D179300213B}.Debug|x86.Build.0 = Debug|Any CPU
		{0A3567AC-59B4-4B69-BAA1-3D179300213B}.Release|Any CPU.ActiveCfg = Release|Any CPU
		{0A3567AC-59B4-4B69-BAA1-3D179300213B}.Release|Any CPU.Build.0 = Release|Any CPU
		{0A3567AC-59B4-4B69-BAA1-3D179300213B}.Release|x64.ActiveCfg = Release|Any CPU
		{0A3567AC-59B4-4B69-BAA1-3D179300213B}.Release|x64.Build.0 = Release|Any CPU
		{0A3567AC-59B4-4B69-BAA1-3D179300213B}.Release|x86.ActiveCfg = Release|Any CPU
		{0A3567AC-59B4-4B69-BAA1-3D179300213B}.Release|x86.Build.0 = Release|Any CPU
		{ED72211D-7457-4F34-B02B-C7A45A94F461}.Debug|Any CPU.ActiveCfg = Debug|Any CPU
		{ED72211D-7457-4F34-B02B-C7A45A94F461}.Debug|Any CPU.Build.0 = Debug|Any CPU
		{ED72211D-7457-4F34-B02B-C7A45A94F461}.Debug|x64.ActiveCfg = Debug|Any CPU
		{ED72211D-7457-4F34-B02B-C7A45A94F461}.Debug|x64.Build.0 = Debug|Any CPU
		{ED72211D-7457-4F34-B02B-C7A45A94F461}.Debug|x86.ActiveCfg = Debug|Any CPU
		{ED72211D-7457-4F34-B02B-C7A45A94F461}.Debug|x86.Build.0 = Debug|Any CPU
		{ED72211D-7457-4F34-B02B-C7A45A94F461}.Release|Any CPU.ActiveCfg = Release|Any CPU
		{ED72211D-7457-4F34-B02B-C7A45A94F461}.Release|Any CPU.Build.0 = Release|Any CPU
		{ED72211D-7457-4F34-B02B-C7A45A94F461}.Release|x64.ActiveCfg = Release|Any CPU
		{ED72211D-7457-4F34-B02B-C7A45A94F461}.Release|x64.Build.0 = Release|Any CPU
		{ED72211D-7457-4F34-B02B-C7A45A94F461}.Release|x86.ActiveCfg = Release|Any CPU
		{ED72211D-7457-4F34-B02B-C7A45A94F461}.Release|x86.Build.0 = Release|Any CPU
		{6A057140-EDD2-47DF-BC18-1F552DAE1EDD}.Debug|Any CPU.ActiveCfg = Debug|Any CPU
		{6A057140-EDD2-47DF-BC18-1F552DAE1EDD}.Debug|Any CPU.Build.0 = Debug|Any CPU
		{6A057140-EDD2-47DF-BC18-1F552DAE1EDD}.Debug|x64.ActiveCfg = Debug|Any CPU
		{6A057140-EDD2-47DF-BC18-1F552DAE1EDD}.Debug|x64.Build.0 = Debug|Any CPU
		{6A057140-EDD2-47DF-BC18-1F552DAE1EDD}.Debug|x86.ActiveCfg = Debug|Any CPU
		{6A057140-EDD2-47DF-BC18-1F552DAE1EDD}.Debug|x86.Build.0 = Debug|Any CPU
		{6A057140-EDD2-47DF-BC18-1F552DAE1EDD}.Release|Any CPU.ActiveCfg = Release|Any CPU
		{6A057140-EDD2-47DF-BC18-1F552DAE1EDD}.Release|Any CPU.Build.0 = Release|Any CPU
		{6A057140-EDD2-47DF-BC18-1F552DAE1EDD}.Release|x64.ActiveCfg = Release|Any CPU
		{6A057140-EDD2-47DF-BC18-1F552DAE1EDD}.Release|x64.Build.0 = Release|Any CPU
		{6A057140-EDD2-47DF-BC18-1F552DAE1EDD}.Release|x86.ActiveCfg = Release|Any CPU
		{6A057140-EDD2-47DF-BC18-1F552DAE1EDD}.Release|x86.Build.0 = Release|Any CPU
		{3BBC652B-C5D7-4E09-9B7E-2F2BCFCFDC4C}.Debug|Any CPU.ActiveCfg = Debug|Any CPU
		{3BBC652B-C5D7-4E09-9B7E-2F2BCFCFDC4C}.Debug|Any CPU.Build.0 = Debug|Any CPU
		{3BBC652B-C5D7-4E09-9B7E-2F2BCFCFDC4C}.Debug|x64.ActiveCfg = Debug|Any CPU
		{3BBC652B-C5D7-4E09-9B7E-2F2BCFCFDC4C}.Debug|x64.Build.0 = Debug|Any CPU
		{3BBC652B-C5D7-4E09-9B7E-2F2BCFCFDC4C}.Debug|x86.ActiveCfg = Debug|Any CPU
		{3BBC652B-C5D7-4E09-9B7E-2F2BCFCFDC4C}.Debug|x86.Build.0 = Debug|Any CPU
		{3BBC652B-C5D7-4E09-9B7E-2F2BCFCFDC4C}.Release|Any CPU.ActiveCfg = Release|Any CPU
		{3BBC652B-C5D7-4E09-9B7E-2F2BCFCFDC4C}.Release|Any CPU.Build.0 = Release|Any CPU
		{3BBC652B-C5D7-4E09-9B7E-2F2BCFCFDC4C}.Release|x64.ActiveCfg = Release|Any CPU
		{3BBC652B-C5D7-4E09-9B7E-2F2BCFCFDC4C}.Release|x64.Build.0 = Release|Any CPU
		{3BBC652B-C5D7-4E09-9B7E-2F2BCFCFDC4C}.Release|x86.ActiveCfg = Release|Any CPU
		{3BBC652B-C5D7-4E09-9B7E-2F2BCFCFDC4C}.Release|x86.Build.0 = Release|Any CPU
		{1F9132BD-EAD1-4CA1-890D-7D59B0DBD9EA}.Debug|Any CPU.ActiveCfg = Debug|Any CPU
		{1F9132BD-EAD1-4CA1-890D-7D59B0DBD9EA}.Debug|Any CPU.Build.0 = Debug|Any CPU
		{1F9132BD-EAD1-4CA1-890D-7D59B0DBD9EA}.Debug|x64.ActiveCfg = Debug|Any CPU
		{1F9132BD-EAD1-4CA1-890D-7D59B0DBD9EA}.Debug|x64.Build.0 = Debug|Any CPU
		{1F9132BD-EAD1-4CA1-890D-7D59B0DBD9EA}.Debug|x86.ActiveCfg = Debug|Any CPU
		{1F9132BD-EAD1-4CA1-890D-7D59B0DBD9EA}.Debug|x86.Build.0 = Debug|Any CPU
		{1F9132BD-EAD1-4CA1-890D-7D59B0DBD9EA}.Release|Any CPU.ActiveCfg = Release|Any CPU
		{1F9132BD-EAD1-4CA1-890D-7D59B0DBD9EA}.Release|Any CPU.Build.0 = Release|Any CPU
		{1F9132BD-EAD1-4CA1-890D-7D59B0DBD9EA}.Release|x64.ActiveCfg = Release|Any CPU
		{1F9132BD-EAD1-4CA1-890D-7D59B0DBD9EA}.Release|x64.Build.0 = Release|Any CPU
		{1F9132BD-EAD1-4CA1-890D-7D59B0DBD9EA}.Release|x86.ActiveCfg = Release|Any CPU
		{1F9132BD-EAD1-4CA1-890D-7D59B0DBD9EA}.Release|x86.Build.0 = Release|Any CPU
		{3C60F662-4EF1-45BA-A3AB-122A2B48AA69}.Debug|Any CPU.ActiveCfg = Debug|Any CPU
		{3C60F662-4EF1-45BA-A3AB-122A2B48AA69}.Debug|Any CPU.Build.0 = Debug|Any CPU
		{3C60F662-4EF1-45BA-A3AB-122A2B48AA69}.Debug|x64.ActiveCfg = Debug|Any CPU
		{3C60F662-4EF1-45BA-A3AB-122A2B48AA69}.Debug|x64.Build.0 = Debug|Any CPU
		{3C60F662-4EF1-45BA-A3AB-122A2B48AA69}.Debug|x86.ActiveCfg = Debug|Any CPU
		{3C60F662-4EF1-45BA-A3AB-122A2B48AA69}.Debug|x86.Build.0 = Debug|Any CPU
		{3C60F662-4EF1-45BA-A3AB-122A2B48AA69}.Release|Any CPU.ActiveCfg = Release|Any CPU
		{3C60F662-4EF1-45BA-A3AB-122A2B48AA69}.Release|Any CPU.Build.0 = Release|Any CPU
		{3C60F662-4EF1-45BA-A3AB-122A2B48AA69}.Release|x64.ActiveCfg = Release|Any CPU
		{3C60F662-4EF1-45BA-A3AB-122A2B48AA69}.Release|x64.Build.0 = Release|Any CPU
		{3C60F662-4EF1-45BA-A3AB-122A2B48AA69}.Release|x86.ActiveCfg = Release|Any CPU
		{3C60F662-4EF1-45BA-A3AB-122A2B48AA69}.Release|x86.Build.0 = Release|Any CPU
		{37F4DE56-94F8-489F-B206-C489973E5F4A}.Debug|Any CPU.ActiveCfg = Debug|Any CPU
		{37F4DE56-94F8-489F-B206-C489973E5F4A}.Debug|Any CPU.Build.0 = Debug|Any CPU
		{37F4DE56-94F8-489F-B206-C489973E5F4A}.Debug|x64.ActiveCfg = Debug|Any CPU
		{37F4DE56-94F8-489F-B206-C489973E5F4A}.Debug|x64.Build.0 = Debug|Any CPU
		{37F4DE56-94F8-489F-B206-C489973E5F4A}.Debug|x86.ActiveCfg = Debug|Any CPU
		{37F4DE56-94F8-489F-B206-C489973E5F4A}.Debug|x86.Build.0 = Debug|Any CPU
		{37F4DE56-94F8-489F-B206-C489973E5F4A}.Release|Any CPU.ActiveCfg = Release|Any CPU
		{37F4DE56-94F8-489F-B206-C489973E5F4A}.Release|Any CPU.Build.0 = Release|Any CPU
		{37F4DE56-94F8-489F-B206-C489973E5F4A}.Release|x64.ActiveCfg = Release|Any CPU
		{37F4DE56-94F8-489F-B206-C489973E5F4A}.Release|x64.Build.0 = Release|Any CPU
		{37F4DE56-94F8-489F-B206-C489973E5F4A}.Release|x86.ActiveCfg = Release|Any CPU
		{37F4DE56-94F8-489F-B206-C489973E5F4A}.Release|x86.Build.0 = Release|Any CPU
		{7CAA5A08-B9CC-4F0E-ADFA-531A5E26F0AF}.Debug|Any CPU.ActiveCfg = Debug|Any CPU
		{7CAA5A08-B9CC-4F0E-ADFA-531A5E26F0AF}.Debug|Any CPU.Build.0 = Debug|Any CPU
		{7CAA5A08-B9CC-4F0E-ADFA-531A5E26F0AF}.Debug|x64.ActiveCfg = Debug|Any CPU
		{7CAA5A08-B9CC-4F0E-ADFA-531A5E26F0AF}.Debug|x64.Build.0 = Debug|Any CPU
		{7CAA5A08-B9CC-4F0E-ADFA-531A5E26F0AF}.Debug|x86.ActiveCfg = Debug|Any CPU
		{7CAA5A08-B9CC-4F0E-ADFA-531A5E26F0AF}.Debug|x86.Build.0 = Debug|Any CPU
		{7CAA5A08-B9CC-4F0E-ADFA-531A5E26F0AF}.Release|Any CPU.ActiveCfg = Release|Any CPU
		{7CAA5A08-B9CC-4F0E-ADFA-531A5E26F0AF}.Release|Any CPU.Build.0 = Release|Any CPU
		{7CAA5A08-B9CC-4F0E-ADFA-531A5E26F0AF}.Release|x64.ActiveCfg = Release|Any CPU
		{7CAA5A08-B9CC-4F0E-ADFA-531A5E26F0AF}.Release|x64.Build.0 = Release|Any CPU
		{7CAA5A08-B9CC-4F0E-ADFA-531A5E26F0AF}.Release|x86.ActiveCfg = Release|Any CPU
		{7CAA5A08-B9CC-4F0E-ADFA-531A5E26F0AF}.Release|x86.Build.0 = Release|Any CPU
	EndGlobalSection
	GlobalSection(SolutionProperties) = preSolution
		HideSolutionNode = FALSE
	EndGlobalSection
	GlobalSection(NestedProjects) = preSolution
		{3FA0A581-6E31-48BC-BE13-3ADFF9F337CD} = {ED391A0C-8FE5-4757-97E3-65388ADA982F}
		{5C9829B8-F6E8-430D-A528-EE74129F1755} = {3FA0A581-6E31-48BC-BE13-3ADFF9F337CD}
		{0A3567AC-59B4-4B69-BAA1-3D179300213B} = {3FA0A581-6E31-48BC-BE13-3ADFF9F337CD}
		{ED72211D-7457-4F34-B02B-C7A45A94F461} = {3FA0A581-6E31-48BC-BE13-3ADFF9F337CD}
		{D95307EA-5AF6-45B5-9F03-EFAED5213201} = {ED391A0C-8FE5-4757-97E3-65388ADA982F}
		{6A057140-EDD2-47DF-BC18-1F552DAE1EDD} = {D95307EA-5AF6-45B5-9F03-EFAED5213201}
		{EEED6CE8-98BB-4CCB-AF1B-2C41A323A0E4} = {3CDEBD6D-0B9A-4F5F-AA26-B3F75D6D8C33}
		{3BBC652B-C5D7-4E09-9B7E-2F2BCFCFDC4C} = {EEED6CE8-98BB-4CCB-AF1B-2C41A323A0E4}
		{EC8A2B8F-BC04-4BEE-ACBC-08C2C80C5BE7} = {3CDEBD6D-0B9A-4F5F-AA26-B3F75D6D8C33}
		{1F9132BD-EAD1-4CA1-890D-7D59B0DBD9EA} = {EC8A2B8F-BC04-4BEE-ACBC-08C2C80C5BE7}
		{3C60F662-4EF1-45BA-A3AB-122A2B48AA69} = {3FA0A581-6E31-48BC-BE13-3ADFF9F337CD}
		{37F4DE56-94F8-489F-B206-C489973E5F4A} = {D95307EA-5AF6-45B5-9F03-EFAED5213201}
		{9AAD9F44-F86E-43C1-8EC7-7F943029CD60} = {3CDEBD6D-0B9A-4F5F-AA26-B3F75D6D8C33}
		{7CAA5A08-B9CC-4F0E-ADFA-531A5E26F0AF} = {9AAD9F44-F86E-43C1-8EC7-7F943029CD60}
		{324F03CF-5AAD-40CF-8E42-9810C4C2FE5E} = {E190F7F7-DB42-427A-8CC4-87EF7C396594}
	EndGlobalSection
	GlobalSection(ExtensibilityGlobals) = postSolution
		SolutionGuid = {B793CBCF-0E4A-46E5-A3C1-CE768318AB84}
	EndGlobalSection
EndGlobal
